{
  "version": 4,
  "terraform_version": "1.0.7",
  "serial": 21,
  "lineage": "740875b6-aa17-806a-2f78-aa6542b46026",
  "outputs": {},
  "resources": [
    {
      "mode": "managed",
      "type": "docker_image",
      "name": "webserver",
      "provider": "provider[\"registry.terraform.io/kreuzwerker/docker\"]",
      "instances": [
        {
          "schema_version": 0,
          "attributes": {
            "build": [],
            "force_remove": null,
            "id": "sha256:ea28e1b82f314092abd3f90a69e57d6ccf506382821ee0b8d9b48c3e47440c1fhttpd:2.4",
            "keep_locally": false,
            "latest": "sha256:ea28e1b82f314092abd3f90a69e57d6ccf506382821ee0b8d9b48c3e47440c1f",
            "name": "httpd:2.4",
            "output": null,
            "pull_trigger": null,
            "pull_triggers": null,
            "repo_digest": "httpd@sha256:fba8a9f4290180ceee5c74638bb85ff21fd15961e6fdfa4def48e18820512bb1"
          },
          "sensitive_attributes": [],
          "private": "bnVsbA=="
        }
      ]
    }
  ]
}
