{
  "version": 4,
  "terraform_version": "1.0.7",
  "serial": 35,
  "lineage": "42e006b0-1d09-b2a7-2791-1f1c03296235",
  "outputs": {},
  "resources": [
    {
      "mode": "data",
      "type": "phpipam_subnet",
      "name": "subnet",
      "provider": "provider[\"registry.terraform.io/ouest-france/phpipam\"]",
      "instances": [
        {
          "schema_version": 0,
          "attributes": {
            "allow_ip_requests": true,
            "create_ptr_records": false,
            "custom_field_filter": null,
            "custom_fields": {
              "custom_f1": "1"
            },
            "description": "Test vServer pool",
            "description_match": null,
            "display_hostnames": false,
            "edit_date": "2021-12-03 11:23:18",
            "host_discovery_enabled": false,
            "id": "7",
            "include_in_ping": true,
            "is_folder": false,
            "is_full": false,
            "linked_subnet_id": 0,
            "location_id": 0,
            "master_subnet_id": 0,
            "nameserver_id": 0,
            "permissions": "{\"2\":\"3\",\"3\":\"3\"}",
            "scan_agent_id": 1,
            "section_id": 3,
            "show_name": true,
            "subnet_address": "10.132.0.0",
            "subnet_id": 7,
            "subnet_mask": 24,
            "utilization_threshold": 7,
            "vlan_id": 0,
            "vrf_id": 0
          },
          "sensitive_attributes": []
        }
      ]
    },
    {
      "mode": "managed",
      "type": "citrixadc_lbvserver",
      "name": "tf_lb",
      "provider": "provider[\"registry.terraform.io/citrix/citrixadc\"]",
      "instances": [
        {
          "schema_version": 1,
          "attributes": {
            "appflowlog": "ENABLED",
            "authentication": "OFF",
            "authenticationhost": "",
            "authn401": "OFF",
            "authnprofile": "",
            "authnvsname": "",
            "backuplbmethod": "",
            "backuppersistencetimeout": 0,
            "backupvserver": "",
            "bypassaaaa": "NO",
            "cacheable": "NO",
            "ciphers": null,
            "ciphersuites": null,
            "clttimeout": null,
            "comment": "",
            "connfailover": "DISABLED",
            "cookiename": "",
            "datalength": null,
            "dataoffset": null,
            "dbprofilename": "",
            "dbslb": "",
            "disableprimaryondown": "DISABLED",
            "dns64": "DISABLED",
            "dnsprofilename": "",
            "downstateflush": "ENABLED",
            "hashlength": 0,
            "healththreshold": null,
            "httpprofilename": "",
            "httpsredirecturl": "",
            "icmpvsrresponse": "PASSIVE",
            "id": "tf_lb_related-bear",
            "insertvserveripport": "OFF",
            "ipmask": "*",
            "ippattern": "0.0.0.0",
            "ipset": "",
            "ipv46": "10.132.0.4",
            "l2conn": "OFF",
            "lbmethod": "ROUNDROBIN",
            "lbprofilename": "",
            "listenpolicy": "NONE",
            "listenpriority": 0,
            "m": "IP",
            "macmoderetainvlan": "DISABLED",
            "maxautoscalemembers": null,
            "minautoscalemembers": null,
            "mssqlserverversion": "",
            "mysqlcharacterset": 0,
            "mysqlprotocolversion": 0,
            "mysqlservercapabilities": 0,
            "mysqlserverversion": "",
            "name": "tf_lb_related-bear",
            "netmask": "",
            "netprofile": "",
            "newname": "",
            "newservicerequest": 0,
            "newservicerequestincrementinterval": 0,
            "newservicerequestunit": "PER_SECOND",
            "oracleserverversion": "",
            "persistencebackup": "NONE",
            "persistencetype": "NONE",
            "persistmask": "255.255.255.255",
            "port": 80,
            "pq": "",
            "processlocal": "DISABLED",
            "push": "DISABLED",
            "pushlabel": "none",
            "pushmulticlients": "NO",
            "pushvserver": "",
            "quicbridgeprofilename": "",
            "range": null,
            "recursionavailable": "",
            "redirectfromport": 0,
            "redirectportrewrite": "DISABLED",
            "redirurl": "",
            "redirurlflags": false,
            "resrule": "",
            "retainconnectionsoncluster": "NO",
            "rhistate": "PASSIVE",
            "rtspnat": "OFF",
            "rule": "",
            "sc": "",
            "servicename": "",
            "servicetype": "HTTP",
            "sessionless": "DISABLED",
            "skippersistency": "None",
            "snisslcertkeys": null,
            "sobackupaction": "",
            "somethod": "NONE",
            "sopersistence": "DISABLED",
            "sopersistencetimeout": null,
            "sothreshold": 0,
            "sslcertkey": null,
            "sslpolicybinding": [],
            "sslprofile": "",
            "state": null,
            "tcpprofilename": "",
            "td": null,
            "timeout": 2,
            "tosid": 0,
            "trofspersistence": "ENABLED",
            "v6netmasklen": 0,
            "v6persistmasklen": null,
            "vipheader": "",
            "weight": 0
          },
          "sensitive_attributes": [],
          "private": "eyJzY2hlbWFfdmVyc2lvbiI6IjEifQ==",
          "dependencies": [
            "data.phpipam_subnet.subnet",
            "phpipam_address.ip_address",
            "random_pet.my_name"
          ]
        }
      ]
    },
    {
      "mode": "managed",
      "type": "citrixadc_lbvserver_service_binding",
      "name": "tf_binding",
      "provider": "provider[\"registry.terraform.io/citrix/citrixadc\"]",
      "instances": [
        {
          "schema_version": 1,
          "attributes": {
            "id": "tf_lb_related-bear,tf_service_8720",
            "name": "tf_lb_related-bear",
            "servicename": "tf_service_8720",
            "weight": 1
          },
          "sensitive_attributes": [],
          "private": "eyJzY2hlbWFfdmVyc2lvbiI6IjEifQ==",
          "dependencies": [
            "citrixadc_lbvserver.tf_lb",
            "citrixadc_service.tf_ser",
            "data.phpipam_subnet.subnet",
            "phpipam_address.ip_address",
            "random_pet.my_name"
          ]
        }
      ]
    },
    {
      "mode": "managed",
      "type": "citrixadc_service",
      "name": "tf_ser",
      "provider": "provider[\"registry.terraform.io/citrix/citrixadc\"]",
      "instances": [
        {
          "schema_version": 1,
          "attributes": {
            "accessdown": "NO",
            "all": false,
            "appflowlog": "ENABLED",
            "cacheable": "NO",
            "cachetype": "SERVER",
            "cip": "DISABLED",
            "cipheader": "",
            "cka": "NO",
            "cleartextport": 0,
            "clttimeout": 180,
            "cmp": "NO",
            "comment": "",
            "commonname": null,
            "contentinspectionprofilename": "",
            "customserverid": "None",
            "delay": null,
            "dnsprofilename": "",
            "downstateflush": "ENABLED",
            "graceful": null,
            "hashid": 0,
            "healthmonitor": "YES",
            "httpprofilename": "",
            "id": "tf_service_8720",
            "internal": false,
            "ip": "172.16.70.31",
            "ipaddress": "172.16.70.31",
            "lbmonitor": "tcp-default",
            "lbvserver": "",
            "maxbandwidth": null,
            "maxclient": null,
            "maxreq": null,
            "monconnectionclose": "NONE",
            "monitornamesvc": "",
            "monthreshold": null,
            "name": "tf_service_8720",
            "netprofile": "",
            "pathmonitor": "NO",
            "pathmonitorindv": "NO",
            "port": 8720,
            "processlocal": "DISABLED",
            "riseapbrstatsmsgcode": 0,
            "rtspsessionidremap": "OFF",
            "sc": "",
            "serverid": 0,
            "servername": "172.16.70.31",
            "servicetype": "HTTP",
            "snienable": null,
            "sp": "OFF",
            "state": null,
            "svrtimeout": 360,
            "tcpb": "NO",
            "tcpprofilename": "",
            "td": null,
            "useproxyport": "YES",
            "usip": "NO",
            "weight": 0
          },
          "sensitive_attributes": [],
          "private": "eyJzY2hlbWFfdmVyc2lvbiI6IjEifQ==",
          "dependencies": [
            "random_integer.ports"
          ]
        }
      ]
    },
    {
      "mode": "managed",
      "type": "docker_container",
      "name": "web",
      "provider": "provider[\"registry.terraform.io/kreuzwerker/docker\"]",
      "instances": [
        {
          "schema_version": 2,
          "attributes": {
            "attach": false,
            "bridge": "",
            "capabilities": [],
            "command": [
              "httpd-foreground"
            ],
            "container_logs": null,
            "cpu_set": "",
            "cpu_shares": 0,
            "destroy_grace_seconds": null,
            "devices": [],
            "dns": [],
            "dns_opts": [],
            "dns_search": [],
            "domainname": "",
            "entrypoint": [],
            "env": [],
            "exit_code": null,
            "gateway": "172.17.0.1",
            "group_add": [],
            "healthcheck": [],
            "host": [],
            "hostname": "f6db9a12aba4",
            "id": "f6db9a12aba4cad660fa409a8e15d8c7727ceb28dcf91bb1638b24c53ed81bfd",
            "image": "sha256:ea28e1b82f314092abd3f90a69e57d6ccf506382821ee0b8d9b48c3e47440c1f",
            "init": false,
            "ip_address": "172.17.0.2",
            "ip_prefix_length": 16,
            "ipc_mode": "private",
            "labels": [],
            "links": [],
            "log_driver": "json-file",
            "log_opts": {},
            "logs": false,
            "max_retry_count": 0,
            "memory": 0,
            "memory_swap": 0,
            "mounts": [],
            "must_run": true,
            "name": "web-73",
            "network_alias": null,
            "network_data": [
              {
                "gateway": "172.17.0.1",
                "global_ipv6_address": "",
                "global_ipv6_prefix_length": 0,
                "ip_address": "172.17.0.2",
                "ip_prefix_length": 16,
                "ipv6_gateway": "",
                "network_name": "bridge"
              }
            ],
            "network_mode": "default",
            "networks": null,
            "networks_advanced": [],
            "pid_mode": "",
            "ports": [
              {
                "external": 8720,
                "internal": 80,
                "ip": "0.0.0.0",
                "protocol": "tcp"
              }
            ],
            "privileged": false,
            "publish_all_ports": false,
            "read_only": false,
            "remove_volumes": true,
            "restart": "no",
            "rm": false,
            "security_opts": [],
            "shm_size": 64,
            "start": true,
            "stdin_open": false,
            "storage_opts": {},
            "sysctls": {},
            "tmpfs": {},
            "tty": false,
            "ulimit": [],
            "upload": [],
            "user": "",
            "userns_mode": "",
            "volumes": [],
            "working_dir": "/usr/local/apache2"
          },
          "sensitive_attributes": [],
          "private": "eyJzY2hlbWFfdmVyc2lvbiI6IjIifQ==",
          "dependencies": [
            "docker_image.webserver",
            "random_integer.ip",
            "random_integer.ports"
          ]
        }
      ]
    },
    {
      "mode": "managed",
      "type": "docker_image",
      "name": "webserver",
      "provider": "provider[\"registry.terraform.io/kreuzwerker/docker\"]",
      "instances": [
        {
          "schema_version": 0,
          "attributes": {
            "build": [],
            "force_remove": null,
            "id": "sha256:ea28e1b82f314092abd3f90a69e57d6ccf506382821ee0b8d9b48c3e47440c1fhttpd:2.4",
            "keep_locally": false,
            "latest": "sha256:ea28e1b82f314092abd3f90a69e57d6ccf506382821ee0b8d9b48c3e47440c1f",
            "name": "httpd:2.4",
            "output": null,
            "pull_trigger": null,
            "pull_triggers": null,
            "repo_digest": "httpd@sha256:fba8a9f4290180ceee5c74638bb85ff21fd15961e6fdfa4def48e18820512bb1"
          },
          "sensitive_attributes": [],
          "private": "bnVsbA=="
        }
      ]
    },
    {
      "mode": "managed",
      "type": "phpipam_address",
      "name": "ip_address",
      "provider": "provider[\"registry.terraform.io/ouest-france/phpipam\"]",
      "instances": [
        {
          "schema_version": 0,
          "attributes": {
            "address_id": 17,
            "custom_fields": {
              "custom_a1": "1"
            },
            "description": "API created",
            "device_id": 0,
            "edit_date": "",
            "exclude_ping": false,
            "hostname": "",
            "id": "17",
            "ip_address": "10.132.0.4",
            "is_gateway": false,
            "last_seen": "1970-01-01 00:00:01",
            "mac_address": "",
            "note": "",
            "owner": "",
            "ptr_record_id": 0,
            "remove_dns_on_delete": true,
            "skip_ptr_record": false,
            "state_tag_id": 2,
            "subnet_id": 7,
            "switch_port_label": ""
          },
          "sensitive_attributes": [],
          "private": "bnVsbA==",
          "dependencies": [
            "data.phpipam_subnet.subnet"
          ]
        }
      ]
    },
    {
      "mode": "managed",
      "type": "random_integer",
      "name": "ip",
      "provider": "provider[\"registry.terraform.io/hashicorp/random\"]",
      "instances": [
        {
          "schema_version": 0,
          "attributes": {
            "id": "73",
            "keepers": null,
            "max": 100,
            "min": 45,
            "result": 73,
            "seed": null
          },
          "sensitive_attributes": [],
          "private": "bnVsbA=="
        }
      ]
    },
    {
      "mode": "managed",
      "type": "random_integer",
      "name": "ports",
      "provider": "provider[\"registry.terraform.io/hashicorp/random\"]",
      "instances": [
        {
          "schema_version": 0,
          "attributes": {
            "id": "8720",
            "keepers": null,
            "max": 8999,
            "min": 8000,
            "result": 8720,
            "seed": null
          },
          "sensitive_attributes": [],
          "private": "bnVsbA=="
        }
      ]
    },
    {
      "mode": "managed",
      "type": "random_pet",
      "name": "my_name",
      "provider": "provider[\"registry.terraform.io/hashicorp/random\"]",
      "instances": [
        {
          "schema_version": 0,
          "attributes": {
            "id": "related-bear",
            "keepers": null,
            "length": 2,
            "prefix": null,
            "separator": "-"
          },
          "sensitive_attributes": [],
          "private": "bnVsbA=="
        }
      ]
    }
  ]
}
